// !$*UTF8*$!
{
	archiveVersion = 1;
	classes = {
	};
	objectVersion = 51;
	objects = {

/* Begin PBXBuildFile section */
		D5096A672752A7D9004D26F3 /* ProductListInteractor.swift in Sources */ = {isa = PBXBuildFile; fileRef = D5096A662752A7D9004D26F3 /* ProductListInteractor.swift */; };
		D5096A6C2752A7F1004D26F3 /* ProductListPresenter.swift in Sources */ = {isa = PBXBuildFile; fileRef = D5096A6B2752A7F1004D26F3 /* ProductListPresenter.swift */; };
		D5096A712752A808004D26F3 /* ProductListRouter.swift in Sources */ = {isa = PBXBuildFile; fileRef = D5096A702752A808004D26F3 /* ProductListRouter.swift */; };
		D5096A862752B26C004D26F3 /* ProductListProtocol.swift in Sources */ = {isa = PBXBuildFile; fileRef = D5096A852752B26C004D26F3 /* ProductListProtocol.swift */; };
		D53DEE492753574800684EC9 /* Utils.swift in Sources */ = {isa = PBXBuildFile; fileRef = D53DEE482753574800684EC9 /* Utils.swift */; };
		D53DEE4F27535A1500684EC9 /* LoadingIndicator.swift in Sources */ = {isa = PBXBuildFile; fileRef = D53DEE4D27535A1500684EC9 /* LoadingIndicator.swift */; };
		D53DEE5027535A1500684EC9 /* LoadingIndicator.xib in Resources */ = {isa = PBXBuildFile; fileRef = D53DEE4E27535A1500684EC9 /* LoadingIndicator.xib */; };
		D53DEE61275369C800684EC9 /* PaginationCollectionViewCell.swift in Sources */ = {isa = PBXBuildFile; fileRef = D53DEE5F275369C800684EC9 /* PaginationCollectionViewCell.swift */; };
		D53DEE62275369C800684EC9 /* PaginationCollectionViewCell.xib in Resources */ = {isa = PBXBuildFile; fileRef = D53DEE60275369C800684EC9 /* PaginationCollectionViewCell.xib */; };
		D53DEE672753A25700684EC9 /* CartViewController.swift in Sources */ = {isa = PBXBuildFile; fileRef = D53DEE662753A25700684EC9 /* CartViewController.swift */; };
		D53DEE742753A46F00684EC9 /* CartRouter.swift in Sources */ = {isa = PBXBuildFile; fileRef = D53DEE732753A46F00684EC9 /* CartRouter.swift */; };
		D53DEE7D2753A49800684EC9 /* CartProtocol.swift in Sources */ = {isa = PBXBuildFile; fileRef = D53DEE7C2753A49800684EC9 /* CartProtocol.swift */; };
		D5B436392753500100D1A2D9 /* ProductCollectionViewCell.swift in Sources */ = {isa = PBXBuildFile; fileRef = D5B436372753500100D1A2D9 /* ProductCollectionViewCell.swift */; };
		D5B4363A2753500100D1A2D9 /* ProductCollectionViewCell.xib in Resources */ = {isa = PBXBuildFile; fileRef = D5B436382753500100D1A2D9 /* ProductCollectionViewCell.xib */; };
		D5E1B33D2751611D0022E100 /* AppDelegate.swift in Sources */ = {isa = PBXBuildFile; fileRef = D5E1B33C2751611D0022E100 /* AppDelegate.swift */; };
		D5E1B3412751611D0022E100 /* ProductListViewController.swift in Sources */ = {isa = PBXBuildFile; fileRef = D5E1B3402751611D0022E100 /* ProductListViewController.swift */; };
		D5E1B3442751611D0022E100 /* Main.storyboard in Resources */ = {isa = PBXBuildFile; fileRef = D5E1B3422751611D0022E100 /* Main.storyboard */; };
		D5E1B3462751611D0022E100 /* Assets.xcassets in Resources */ = {isa = PBXBuildFile; fileRef = D5E1B3452751611D0022E100 /* Assets.xcassets */; };
		D5E1B3492751611D0022E100 /* LaunchScreen.storyboard in Resources */ = {isa = PBXBuildFile; fileRef = D5E1B3472751611D0022E100 /* LaunchScreen.storyboard */; };
		D5E1B3542751611D0022E100 /* ShopingListTests.swift in Sources */ = {isa = PBXBuildFile; fileRef = D5E1B3532751611D0022E100 /* ShopingListTests.swift */; };
		D5E1B35F2751611D0022E100 /* ShopingListUITests.swift in Sources */ = {isa = PBXBuildFile; fileRef = D5E1B35E2751611D0022E100 /* ShopingListUITests.swift */; };
		D5E1B384275163020022E100 /* WebService.swift in Sources */ = {isa = PBXBuildFile; fileRef = D5E1B37E275163020022E100 /* WebService.swift */; };
		D5E1B385275163020022E100 /* Parser.swift in Sources */ = {isa = PBXBuildFile; fileRef = D5E1B37F275163020022E100 /* Parser.swift */; };
		D5E1B386275163020022E100 /* RequestManager.swift in Sources */ = {isa = PBXBuildFile; fileRef = D5E1B380275163020022E100 /* RequestManager.swift */; };
		D5E1B387275163020022E100 /* ApiManager.swift in Sources */ = {isa = PBXBuildFile; fileRef = D5E1B381275163020022E100 /* ApiManager.swift */; };
		D5E1B388275163020022E100 /* ServiceProvider.swift in Sources */ = {isa = PBXBuildFile; fileRef = D5E1B382275163020022E100 /* ServiceProvider.swift */; };
		D5E1B389275163020022E100 /* WebServiceConfig.swift in Sources */ = {isa = PBXBuildFile; fileRef = D5E1B383275163020022E100 /* WebServiceConfig.swift */; };
		D5F94A83275164E9002FD461 /* Product.swift in Sources */ = {isa = PBXBuildFile; fileRef = D5F94A82275164E8002FD461 /* Product.swift */; };
		EF1F3AA7B97B1102AD6A9552 /* Pods_ShopingList.framework in Frameworks */ = {isa = PBXBuildFile; fileRef = 70EC750FFB96A959C123EEA0 /* Pods_ShopingList.framework */; };
/* End PBXBuildFile section */

/* Begin PBXContainerItemProxy section */
		D5E1B3502751611D0022E100 /* PBXContainerItemProxy */ = {
			isa = PBXContainerItemProxy;
			containerPortal = D5E1B3312751611D0022E100 /* Project object */;
			proxyType = 1;
			remoteGlobalIDString = D5E1B3382751611D0022E100;
			remoteInfo = ShopingList;
		};
		D5E1B35B2751611D0022E100 /* PBXContainerItemProxy */ = {
			isa = PBXContainerItemProxy;
			containerPortal = D5E1B3312751611D0022E100 /* Project object */;
			proxyType = 1;
			remoteGlobalIDString = D5E1B3382751611D0022E100;
			remoteInfo = ShopingList;
		};
/* End PBXContainerItemProxy section */

/* Begin PBXFileReference section */
		70EC750FFB96A959C123EEA0 /* Pods_ShopingList.framework */ = {isa = PBXFileReference; explicitFileType = wrapper.framework; includeInIndex = 0; path = Pods_ShopingList.framework; sourceTree = BUILT_PRODUCTS_DIR; };
		B4B202E4E3926962B1A31681 /* Pods-ShopingList.debug.xcconfig */ = {isa = PBXFileReference; includeInIndex = 1; lastKnownFileType = text.xcconfig; name = "Pods-ShopingList.debug.xcconfig"; path = "Target Support Files/Pods-ShopingList/Pods-ShopingList.debug.xcconfig"; sourceTree = "<group>"; };
		C0B8A01CC34668D653F35D49 /* Pods-ShopingList.release.xcconfig */ = {isa = PBXFileReference; includeInIndex = 1; lastKnownFileType = text.xcconfig; name = "Pods-ShopingList.release.xcconfig"; path = "Target Support Files/Pods-ShopingList/Pods-ShopingList.release.xcconfig"; sourceTree = "<group>"; };
		D5096A662752A7D9004D26F3 /* ProductListInteractor.swift */ = {isa = PBXFileReference; lastKnownFileType = sourcecode.swift; path = ProductListInteractor.swift; sourceTree = "<group>"; };
		D5096A6B2752A7F1004D26F3 /* ProductListPresenter.swift */ = {isa = PBXFileReference; lastKnownFileType = sourcecode.swift; path = ProductListPresenter.swift; sourceTree = "<group>"; };
		D5096A702752A808004D26F3 /* ProductListRouter.swift */ = {isa = PBXFileReference; lastKnownFileType = sourcecode.swift; path = ProductListRouter.swift; sourceTree = "<group>"; };
		D5096A852752B26C004D26F3 /* ProductListProtocol.swift */ = {isa = PBXFileReference; lastKnownFileType = sourcecode.swift; path = ProductListProtocol.swift; sourceTree = "<group>"; };
		D53DEE482753574800684EC9 /* Utils.swift */ = {isa = PBXFileReference; fileEncoding = 4; lastKnownFileType = sourcecode.swift; path = Utils.swift; sourceTree = "<group>"; };
		D53DEE4D27535A1500684EC9 /* LoadingIndicator.swift */ = {isa = PBXFileReference; fileEncoding = 4; lastKnownFileType = sourcecode.swift; path = LoadingIndicator.swift; sourceTree = "<group>"; };
		D53DEE4E27535A1500684EC9 /* LoadingIndicator.xib */ = {isa = PBXFileReference; fileEncoding = 4; lastKnownFileType = file.xib; path = LoadingIndicator.xib; sourceTree = "<group>"; };
		D53DEE5F275369C800684EC9 /* PaginationCollectionViewCell.swift */ = {isa = PBXFileReference; lastKnownFileType = sourcecode.swift; path = PaginationCollectionViewCell.swift; sourceTree = "<group>"; };
		D53DEE60275369C800684EC9 /* PaginationCollectionViewCell.xib */ = {isa = PBXFileReference; lastKnownFileType = file.xib; path = PaginationCollectionViewCell.xib; sourceTree = "<group>"; };
		D53DEE662753A25700684EC9 /* CartViewController.swift */ = {isa = PBXFileReference; lastKnownFileType = sourcecode.swift; path = CartViewController.swift; sourceTree = "<group>"; };
		D53DEE732753A46F00684EC9 /* CartRouter.swift */ = {isa = PBXFileReference; lastKnownFileType = sourcecode.swift; path = CartRouter.swift; sourceTree = "<group>"; };
		D53DEE7C2753A49800684EC9 /* CartProtocol.swift */ = {isa = PBXFileReference; lastKnownFileType = sourcecode.swift; path = CartProtocol.swift; sourceTree = "<group>"; };
		D5B436372753500100D1A2D9 /* ProductCollectionViewCell.swift */ = {isa = PBXFileReference; lastKnownFileType = sourcecode.swift; path = ProductCollectionViewCell.swift; sourceTree = "<group>"; };
		D5B436382753500100D1A2D9 /* ProductCollectionViewCell.xib */ = {isa = PBXFileReference; lastKnownFileType = file.xib; path = ProductCollectionViewCell.xib; sourceTree = "<group>"; };
		D5E1B3392751611D0022E100 /* ShopingList.app */ = {isa = PBXFileReference; explicitFileType = wrapper.application; includeInIndex = 0; path = ShopingList.app; sourceTree = BUILT_PRODUCTS_DIR; };
		D5E1B33C2751611D0022E100 /* AppDelegate.swift */ = {isa = PBXFileReference; lastKnownFileType = sourcecode.swift; path = AppDelegate.swift; sourceTree = "<group>"; };
		D5E1B3402751611D0022E100 /* ProductListViewController.swift */ = {isa = PBXFileReference; lastKnownFileType = sourcecode.swift; path = ProductListViewController.swift; sourceTree = "<group>"; };
		D5E1B3432751611D0022E100 /* Base */ = {isa = PBXFileReference; lastKnownFileType = file.storyboard; name = Base; path = Base.lproj/Main.storyboard; sourceTree = "<group>"; };
		D5E1B3452751611D0022E100 /* Assets.xcassets */ = {isa = PBXFileReference; lastKnownFileType = folder.assetcatalog; path = Assets.xcassets; sourceTree = "<group>"; };
		D5E1B3482751611D0022E100 /* Base */ = {isa = PBXFileReference; lastKnownFileType = file.storyboard; name = Base; path = Base.lproj/LaunchScreen.storyboard; sourceTree = "<group>"; };
		D5E1B34A2751611D0022E100 /* Info.plist */ = {isa = PBXFileReference; lastKnownFileType = text.plist.xml; path = Info.plist; sourceTree = "<group>"; };
		D5E1B34F2751611D0022E100 /* ShopingListTests.xctest */ = {isa = PBXFileReference; explicitFileType = wrapper.cfbundle; includeInIndex = 0; path = ShopingListTests.xctest; sourceTree = BUILT_PRODUCTS_DIR; };
		D5E1B3532751611D0022E100 /* ShopingListTests.swift */ = {isa = PBXFileReference; lastKnownFileType = sourcecode.swift; path = ShopingListTests.swift; sourceTree = "<group>"; };
		D5E1B3552751611D0022E100 /* Info.plist */ = {isa = PBXFileReference; lastKnownFileType = text.plist.xml; path = Info.plist; sourceTree = "<group>"; };
		D5E1B35A2751611D0022E100 /* ShopingListUITests.xctest */ = {isa = PBXFileReference; explicitFileType = wrapper.cfbundle; includeInIndex = 0; path = ShopingListUITests.xctest; sourceTree = BUILT_PRODUCTS_DIR; };
		D5E1B35E2751611D0022E100 /* ShopingListUITests.swift */ = {isa = PBXFileReference; lastKnownFileType = sourcecode.swift; path = ShopingListUITests.swift; sourceTree = "<group>"; };
		D5E1B3602751611D0022E100 /* Info.plist */ = {isa = PBXFileReference; lastKnownFileType = text.plist.xml; path = Info.plist; sourceTree = "<group>"; };
		D5E1B37E275163020022E100 /* WebService.swift */ = {isa = PBXFileReference; fileEncoding = 4; lastKnownFileType = sourcecode.swift; path = WebService.swift; sourceTree = "<group>"; };
		D5E1B37F275163020022E100 /* Parser.swift */ = {isa = PBXFileReference; fileEncoding = 4; lastKnownFileType = sourcecode.swift; path = Parser.swift; sourceTree = "<group>"; };
		D5E1B380275163020022E100 /* RequestManager.swift */ = {isa = PBXFileReference; fileEncoding = 4; lastKnownFileType = sourcecode.swift; path = RequestManager.swift; sourceTree = "<group>"; };
		D5E1B381275163020022E100 /* ApiManager.swift */ = {isa = PBXFileReference; fileEncoding = 4; lastKnownFileType = sourcecode.swift; path = ApiManager.swift; sourceTree = "<group>"; };
		D5E1B382275163020022E100 /* ServiceProvider.swift */ = {isa = PBXFileReference; fileEncoding = 4; lastKnownFileType = sourcecode.swift; path = ServiceProvider.swift; sourceTree = "<group>"; };
		D5E1B383275163020022E100 /* WebServiceConfig.swift */ = {isa = PBXFileReference; fileEncoding = 4; lastKnownFileType = sourcecode.swift; path = WebServiceConfig.swift; sourceTree = "<group>"; };
		D5F94A82275164E8002FD461 /* Product.swift */ = {isa = PBXFileReference; lastKnownFileType = sourcecode.swift; path = Product.swift; sourceTree = "<group>"; };
/* End PBXFileReference section */

/* Begin PBXFrameworksBuildPhase section */
		D5E1B3362751611D0022E100 /* Frameworks */ = {
			isa = PBXFrameworksBuildPhase;
			buildActionMask = 2147483647;
			files = (
				EF1F3AA7B97B1102AD6A9552 /* Pods_ShopingList.framework in Frameworks */,
			);
			runOnlyForDeploymentPostprocessing = 0;
		};
		D5E1B34C2751611D0022E100 /* Frameworks */ = {
			isa = PBXFrameworksBuildPhase;
			buildActionMask = 2147483647;
			files = (
			);
			runOnlyForDeploymentPostprocessing = 0;
		};
		D5E1B3572751611D0022E100 /* Frameworks */ = {
			isa = PBXFrameworksBuildPhase;
			buildActionMask = 2147483647;
			files = (
			);
			runOnlyForDeploymentPostprocessing = 0;
		};
/* End PBXFrameworksBuildPhase section */

/* Begin PBXGroup section */
		0849C2C11F33C00E3B6C7710 /* Frameworks */ = {
			isa = PBXGroup;
			children = (
				70EC750FFB96A959C123EEA0 /* Pods_ShopingList.framework */,
			);
			name = Frameworks;
			sourceTree = "<group>";
		};
		D5096A752752A812004D26F3 /* Interactor */ = {
			isa = PBXGroup;
			children = (
				D5096A662752A7D9004D26F3 /* ProductListInteractor.swift */,
			);
			path = Interactor;
			sourceTree = "<group>";
		};
		D5096A792752A81E004D26F3 /* Presenter */ = {
			isa = PBXGroup;
			children = (
				D5096A6B2752A7F1004D26F3 /* ProductListPresenter.swift */,
			);
			path = Presenter;
			sourceTree = "<group>";
		};
		D5096A7D2752A82B004D26F3 /* Router */ = {
			isa = PBXGroup;
			children = (
				D5096A702752A808004D26F3 /* ProductListRouter.swift */,
			);
			path = Router;
			sourceTree = "<group>";
		};
		D5096A812752A83E004D26F3 /* Entity */ = {
			isa = PBXGroup;
			children = (
				D5F94A82275164E8002FD461 /* Product.swift */,
			);
			path = Entity;
			sourceTree = "<group>";
		};
		D5096A8D2752B277004D26F3 /* Protocol */ = {
			isa = PBXGroup;
			children = (
				D5096A852752B26C004D26F3 /* ProductListProtocol.swift */,
			);
			path = Protocol;
			sourceTree = "<group>";
		};
		D50C606B2752A6E30030963B /* Module */ = {
			isa = PBXGroup;
			children = (
				D50C606F2752A6EF0030963B /* ProductList */,
				D53DEE6B2753A25E00684EC9 /* Cart */,
			);
			path = Module;
			sourceTree = "<group>";
		};
		D50C606F2752A6EF0030963B /* ProductList */ = {
			isa = PBXGroup;
			children = (
				D50C60732752A6FC0030963B /* View */,
				D5096A752752A812004D26F3 /* Interactor */,
				D5096A792752A81E004D26F3 /* Presenter */,
				D5096A7D2752A82B004D26F3 /* Router */,
				D5096A812752A83E004D26F3 /* Entity */,
				D5096A8D2752B277004D26F3 /* Protocol */,
			);
			path = ProductList;
			sourceTree = "<group>";
		};
		D50C60732752A6FC0030963B /* View */ = {
			isa = PBXGroup;
			children = (
				D5E1B3402751611D0022E100 /* ProductListViewController.swift */,
				D56F23FF275350AD00852ADB /* Cell */,
			);
			path = View;
			sourceTree = "<group>";
		};
		D53DEE472753572200684EC9 /* Utils */ = {
			isa = PBXGroup;
			children = (
				D53DEE482753574800684EC9 /* Utils.swift */,
			);
			path = Utils;
			sourceTree = "<group>";
		};
		D53DEE5427535A1800684EC9 /* Loading Indicator */ = {
			isa = PBXGroup;
			children = (
				D53DEE4D27535A1500684EC9 /* LoadingIndicator.swift */,
				D53DEE4E27535A1500684EC9 /* LoadingIndicator.xib */,
			);
			path = "Loading Indicator";
			sourceTree = "<group>";
		};
		D53DEE5827535A2500684EC9 /* Component */ = {
			isa = PBXGroup;
			children = (
				D53DEE5427535A1800684EC9 /* Loading Indicator */,
			);
			path = Component;
			sourceTree = "<group>";
		};
		D53DEE6B2753A25E00684EC9 /* Cart */ = {
			isa = PBXGroup;
			children = (
				D53DEE6F2753A28900684EC9 /* View */,
				D53DEE782753A48600684EC9 /* Router */,
				D53DEE812753A4E900684EC9 /* Protocol */,
			);
			path = Cart;
			sourceTree = "<group>";
		};
		D53DEE6F2753A28900684EC9 /* View */ = {
			isa = PBXGroup;
			children = (
				D53DEE662753A25700684EC9 /* CartViewController.swift */,
			);
			path = View;
			sourceTree = "<group>";
		};
		D53DEE782753A48600684EC9 /* Router */ = {
			isa = PBXGroup;
			children = (
				D53DEE732753A46F00684EC9 /* CartRouter.swift */,
			);
			path = Router;
			sourceTree = "<group>";
		};
		D53DEE812753A4E900684EC9 /* Protocol */ = {
			isa = PBXGroup;
			children = (
				D53DEE7C2753A49800684EC9 /* CartProtocol.swift */,
			);
			path = Protocol;
			sourceTree = "<group>";
		};
		D56F23FF275350AD00852ADB /* Cell */ = {
			isa = PBXGroup;
			children = (
				D5B436372753500100D1A2D9 /* ProductCollectionViewCell.swift */,
				D5B436382753500100D1A2D9 /* ProductCollectionViewCell.xib */,
				D53DEE5F275369C800684EC9 /* PaginationCollectionViewCell.swift */,
				D53DEE60275369C800684EC9 /* PaginationCollectionViewCell.xib */,
			);
			path = Cell;
			sourceTree = "<group>";
		};
		D5E1B3302751611D0022E100 = {
			isa = PBXGroup;
			children = (
				D5E1B33B2751611D0022E100 /* ShopingList */,
				D5E1B3522751611D0022E100 /* ShopingListTests */,
				D5E1B35D2751611D0022E100 /* ShopingListUITests */,
				D5E1B33A2751611D0022E100 /* Products */,
				E971AD03FC958A1288424C54 /* Pods */,
				0849C2C11F33C00E3B6C7710 /* Frameworks */,
			);
			sourceTree = "<group>";
		};
		D5E1B33A2751611D0022E100 /* Products */ = {
			isa = PBXGroup;
			children = (
				D5E1B3392751611D0022E100 /* ShopingList.app */,
				D5E1B34F2751611D0022E100 /* ShopingListTests.xctest */,
				D5E1B35A2751611D0022E100 /* ShopingListUITests.xctest */,
			);
			name = Products;
			sourceTree = "<group>";
		};
		D5E1B33B2751611D0022E100 /* ShopingList */ = {
			isa = PBXGroup;
			children = (
				D5E1B37A275162CF0022E100 /* Delegate */,
				D50C606B2752A6E30030963B /* Module */,
				D5E1B3422751611D0022E100 /* Main.storyboard */,
				D5E1B3452751611D0022E100 /* Assets.xcassets */,
				D5E1B3472751611D0022E100 /* LaunchScreen.storyboard */,
				D5E1B34A2751611D0022E100 /* Info.plist */,
				D5E1B38D2751630A0022E100 /* WebService */,
				D53DEE472753572200684EC9 /* Utils */,
				D53DEE5827535A2500684EC9 /* Component */,
			);
			path = ShopingList;
			sourceTree = "<group>";
		};
		D5E1B3522751611D0022E100 /* ShopingListTests */ = {
			isa = PBXGroup;
			children = (
				D5E1B3532751611D0022E100 /* ShopingListTests.swift */,
				D5E1B3552751611D0022E100 /* Info.plist */,
			);
			path = ShopingListTests;
			sourceTree = "<group>";
		};
		D5E1B35D2751611D0022E100 /* ShopingListUITests */ = {
			isa = PBXGroup;
			children = (
				D5E1B35E2751611D0022E100 /* ShopingListUITests.swift */,
				D5E1B3602751611D0022E100 /* Info.plist */,
			);
			path = ShopingListUITests;
			sourceTree = "<group>";
		};
		D5E1B37A275162CF0022E100 /* Delegate */ = {
			isa = PBXGroup;
			children = (
				D5E1B33C2751611D0022E100 /* AppDelegate.swift */,
			);
			path = Delegate;
			sourceTree = "<group>";
		};
		D5E1B38D2751630A0022E100 /* WebService */ = {
			isa = PBXGroup;
			children = (
				D5E1B381275163020022E100 /* ApiManager.swift */,
				D5E1B37F275163020022E100 /* Parser.swift */,
				D5E1B380275163020022E100 /* RequestManager.swift */,
				D5E1B382275163020022E100 /* ServiceProvider.swift */,
				D5E1B37E275163020022E100 /* WebService.swift */,
				D5E1B383275163020022E100 /* WebServiceConfig.swift */,
			);
			path = WebService;
			sourceTree = "<group>";
		};
		E971AD03FC958A1288424C54 /* Pods */ = {
			isa = PBXGroup;
			children = (
				B4B202E4E3926962B1A31681 /* Pods-ShopingList.debug.xcconfig */,
				C0B8A01CC34668D653F35D49 /* Pods-ShopingList.release.xcconfig */,
			);
			path = Pods;
			sourceTree = "<group>";
		};
/* End PBXGroup section */

/* Begin PBXNativeTarget section */
		D5E1B3382751611D0022E100 /* ShopingList */ = {
			isa = PBXNativeTarget;
			buildConfigurationList = D5E1B3632751611D0022E100 /* Build configuration list for PBXNativeTarget "ShopingList" */;
			buildPhases = (
				5FF43CD093360E6202953ED3 /* [CP] Check Pods Manifest.lock */,
				D5E1B3352751611D0022E100 /* Sources */,
				D5E1B3362751611D0022E100 /* Frameworks */,
				D5E1B3372751611D0022E100 /* Resources */,
				25A0137E1CCF7877D27B6FE9 /* [CP] Embed Pods Frameworks */,
			);
			buildRules = (
			);
			dependencies = (
			);
			name = ShopingList;
			productName = ShopingList;
			productReference = D5E1B3392751611D0022E100 /* ShopingList.app */;
			productType = "com.apple.product-type.application";
		};
		D5E1B34E2751611D0022E100 /* ShopingListTests */ = {
			isa = PBXNativeTarget;
			buildConfigurationList = D5E1B3662751611D0022E100 /* Build configuration list for PBXNativeTarget "ShopingListTests" */;
			buildPhases = (
				D5E1B34B2751611D0022E100 /* Sources */,
				D5E1B34C2751611D0022E100 /* Frameworks */,
				D5E1B34D2751611D0022E100 /* Resources */,
			);
			buildRules = (
			);
			dependencies = (
				D5E1B3512751611D0022E100 /* PBXTargetDependency */,
			);
			name = ShopingListTests;
			productName = ShopingListTests;
			productReference = D5E1B34F2751611D0022E100 /* ShopingListTests.xctest */;
			productType = "com.apple.product-type.bundle.unit-test";
		};
		D5E1B3592751611D0022E100 /* ShopingListUITests */ = {
			isa = PBXNativeTarget;
			buildConfigurationList = D5E1B3692751611D0022E100 /* Build configuration list for PBXNativeTarget "ShopingListUITests" */;
			buildPhases = (
				D5E1B3562751611D0022E100 /* Sources */,
				D5E1B3572751611D0022E100 /* Frameworks */,
				D5E1B3582751611D0022E100 /* Resources */,
			);
			buildRules = (
			);
			dependencies = (
				D5E1B35C2751611D0022E100 /* PBXTargetDependency */,
			);
			name = ShopingListUITests;
			productName = ShopingListUITests;
			productReference = D5E1B35A2751611D0022E100 /* ShopingListUITests.xctest */;
			productType = "com.apple.product-type.bundle.ui-testing";
		};
/* End PBXNativeTarget section */

/* Begin PBXProject section */
		D5E1B3312751611D0022E100 /* Project object */ = {
			isa = PBXProject;
			attributes = {
				LastSwiftUpdateCheck = 1200;
				LastUpgradeCheck = 1200;
				TargetAttributes = {
					D5E1B3382751611D0022E100 = {
						CreatedOnToolsVersion = 12.0;
					};
					D5E1B34E2751611D0022E100 = {
						CreatedOnToolsVersion = 12.0;
						TestTargetID = D5E1B3382751611D0022E100;
					};
					D5E1B3592751611D0022E100 = {
						CreatedOnToolsVersion = 12.0;
						TestTargetID = D5E1B3382751611D0022E100;
					};
				};
			};
			buildConfigurationList = D5E1B3342751611D0022E100 /* Build configuration list for PBXProject "ShopingList" */;
			compatibilityVersion = "Xcode 9.3";
			developmentRegion = en;
			hasScannedForEncodings = 0;
			knownRegions = (
				en,
				Base,
			);
			mainGroup = D5E1B3302751611D0022E100;
			productRefGroup = D5E1B33A2751611D0022E100 /* Products */;
			projectDirPath = "";
			projectRoot = "";
			targets = (
				D5E1B3382751611D0022E100 /* ShopingList */,
				D5E1B34E2751611D0022E100 /* ShopingListTests */,
				D5E1B3592751611D0022E100 /* ShopingListUITests */,
			);
		};
/* End PBXProject section */

/* Begin PBXResourcesBuildPhase section */
		D5E1B3372751611D0022E100 /* Resources */ = {
			isa = PBXResourcesBuildPhase;
			buildActionMask = 2147483647;
			files = (
				D5E1B3492751611D0022E100 /* LaunchScreen.storyboard in Resources */,
				D5E1B3462751611D0022E100 /* Assets.xcassets in Resources */,
				D5B4363A2753500100D1A2D9 /* ProductCollectionViewCell.xib in Resources */,
				D53DEE5027535A1500684EC9 /* LoadingIndicator.xib in Resources */,
				D53DEE62275369C800684EC9 /* PaginationCollectionViewCell.xib in Resources */,
				D5E1B3442751611D0022E100 /* Main.storyboard in Resources */,
			);
			runOnlyForDeploymentPostprocessing = 0;
		};
		D5E1B34D2751611D0022E100 /* Resources */ = {
			isa = PBXResourcesBuildPhase;
			buildActionMask = 2147483647;
			files = (
			);
			runOnlyForDeploymentPostprocessing = 0;
		};
		D5E1B3582751611D0022E100 /* Resources */ = {
			isa = PBXResourcesBuildPhase;
			buildActionMask = 2147483647;
			files = (
			);
			runOnlyForDeploymentPostprocessing = 0;
		};
/* End PBXResourcesBuildPhase section */

/* Begin PBXShellScriptBuildPhase section */
		25A0137E1CCF7877D27B6FE9 /* [CP] Embed Pods Frameworks */ = {
			isa = PBXShellScriptBuildPhase;
			buildActionMask = 2147483647;
			files = (
			);
			inputFileListPaths = (
				"${PODS_ROOT}/Target Support Files/Pods-ShopingList/Pods-ShopingList-frameworks-${CONFIGURATION}-input-files.xcfilelist",
			);
			name = "[CP] Embed Pods Frameworks";
			outputFileListPaths = (
				"${PODS_ROOT}/Target Support Files/Pods-ShopingList/Pods-ShopingList-frameworks-${CONFIGURATION}-output-files.xcfilelist",
			);
			runOnlyForDeploymentPostprocessing = 0;
			shellPath = /bin/sh;
			shellScript = "\"${PODS_ROOT}/Target Support Files/Pods-ShopingList/Pods-ShopingList-frameworks.sh\"\n";
			showEnvVarsInLog = 0;
		};
		5FF43CD093360E6202953ED3 /* [CP] Check Pods Manifest.lock */ = {
			isa = PBXShellScriptBuildPhase;
			buildActionMask = 2147483647;
			files = (
			);
			inputFileListPaths = (
			);
			inputPaths = (
				"${PODS_PODFILE_DIR_PATH}/Podfile.lock",
				"${PODS_ROOT}/Manifest.lock",
			);
			name = "[CP] Check Pods Manifest.lock";
			outputFileListPaths = (
			);
			outputPaths = (
				"$(DERIVED_FILE_DIR)/Pods-ShopingList-checkManifestLockResult.txt",
			);
			runOnlyForDeploymentPostprocessing = 0;
			shellPath = /bin/sh;
			shellScript = "diff \"${PODS_PODFILE_DIR_PATH}/Podfile.lock\" \"${PODS_ROOT}/Manifest.lock\" > /dev/null\nif [ $? != 0 ] ; then\n    # print error to STDERR\n    echo \"error: The sandbox is not in sync with the Podfile.lock. Run 'pod install' or update your CocoaPods installation.\" >&2\n    exit 1\nfi\n# This output is used by Xcode 'outputs' to avoid re-running this script phase.\necho \"SUCCESS\" > \"${SCRIPT_OUTPUT_FILE_0}\"\n";
			showEnvVarsInLog = 0;
		};
/* End PBXShellScriptBuildPhase section */

/* Begin PBXSourcesBuildPhase section */
		D5E1B3352751611D0022E100 /* Sources */ = {
			isa = PBXSourcesBuildPhase;
			buildActionMask = 2147483647;
			files = (
				D5E1B386275163020022E100 /* RequestManager.swift in Sources */,
				D5E1B385275163020022E100 /* Parser.swift in Sources */,
				D5B436392753500100D1A2D9 /* ProductCollectionViewCell.swift in Sources */,
				D5F94A83275164E9002FD461 /* Product.swift in Sources */,
				D5E1B388275163020022E100 /* ServiceProvider.swift in Sources */,
				D53DEE492753574800684EC9 /* Utils.swift in Sources */,
				D5096A712752A808004D26F3 /* ProductListRouter.swift in Sources */,
				D5E1B384275163020022E100 /* WebService.swift in Sources */,
				D5E1B3412751611D0022E100 /* ProductListViewController.swift in Sources */,
				D53DEE61275369C800684EC9 /* PaginationCollectionViewCell.swift in Sources */,
				D5096A862752B26C004D26F3 /* ProductListProtocol.swift in Sources */,
				D5096A6C2752A7F1004D26F3 /* ProductListPresenter.swift in Sources */,
				D5E1B387275163020022E100 /* ApiManager.swift in Sources */,
				D53DEE4F27535A1500684EC9 /* LoadingIndicator.swift in Sources */,
				D53DEE742753A46F00684EC9 /* CartRouter.swift in Sources */,
				D5E1B389275163020022E100 /* WebServiceConfig.swift in Sources */,
				D5096A672752A7D9004D26F3 /* ProductListInteractor.swift in Sources */,
				D53DEE7D2753A49800684EC9 /* CartProtocol.swift in Sources */,
				D53DEE672753A25700684EC9 /* CartViewController.swift in Sources */,
				D5E1B33D2751611D0022E100 /* AppDelegate.swift in Sources */,
			);
			runOnlyForDeploymentPostprocessing = 0;
		};
		D5E1B34B2751611D0022E100 /* Sources */ = {
			isa = PBXSourcesBuildPhase;
			buildActionMask = 2147483647;
			files = (
				D5E1B3542751611D0022E100 /* ShopingListTests.swift in Sources */,
			);
			runOnlyForDeploymentPostprocessing = 0;
		};
		D5E1B3562751611D0022E100 /* Sources */ = {
			isa = PBXSourcesBuildPhase;
			buildActionMask = 2147483647;
			files = (
				D5E1B35F2751611D0022E100 /* ShopingListUITests.swift in Sources */,
			);
			runOnlyForDeploymentPostprocessing = 0;
		};
/* End PBXSourcesBuildPhase section */

/* Begin PBXTargetDependency section */
		D5E1B3512751611D0022E100 /* PBXTargetDependency */ = {
			isa = PBXTargetDependency;
			target = D5E1B3382751611D0022E100 /* ShopingList */;
			targetProxy = D5E1B3502751611D0022E100 /* PBXContainerItemProxy */;
		};
		D5E1B35C2751611D0022E100 /* PBXTargetDependency */ = {
			isa = PBXTargetDependency;
			target = D5E1B3382751611D0022E100 /* ShopingList */;
			targetProxy = D5E1B35B2751611D0022E100 /* PBXContainerItemProxy */;
		};
/* End PBXTargetDependency section */

/* Begin PBXVariantGroup section */
		D5E1B3422751611D0022E100 /* Main.storyboard */ = {
			isa = PBXVariantGroup;
			children = (
				D5E1B3432751611D0022E100 /* Base */,
			);
			name = Main.storyboard;
			sourceTree = "<group>";
		};
		D5E1B3472751611D0022E100 /* LaunchScreen.storyboard */ = {
			isa = PBXVariantGroup;
			children = (
				D5E1B3482751611D0022E100 /* Base */,
			);
			name = LaunchScreen.storyboard;
			sourceTree = "<group>";
		};
/* End PBXVariantGroup section */

/* Begin XCBuildConfiguration section */
		D5E1B3612751611D0022E100 /* Debug */ = {
			isa = XCBuildConfiguration;
			buildSettings = {
				ALWAYS_SEARCH_USER_PATHS = NO;
				CLANG_ANALYZER_NONNULL = YES;
				CLANG_ANALYZER_NUMBER_OBJECT_CONVERSION = YES_AGGRESSIVE;
				CLANG_CXX_LANGUAGE_STANDARD = "gnu++14";
				CLANG_CXX_LIBRARY = "libc++";
				CLANG_ENABLE_MODULES = YES;
				CLANG_ENABLE_OBJC_ARC = YES;
				CLANG_ENABLE_OBJC_WEAK = YES;
				CLANG_WARN_BLOCK_CAPTURE_AUTORELEASING = YES;
				CLANG_WARN_BOOL_CONVERSION = YES;
				CLANG_WARN_COMMA = YES;
				CLANG_WARN_CONSTANT_CONVERSION = YES;
				CLANG_WARN_DEPRECATED_OBJC_IMPLEMENTATIONS = YES;
				CLANG_WARN_DIRECT_OBJC_ISA_USAGE = YES_ERROR;
				CLANG_WARN_DOCUMENTATION_COMMENTS = YES;
				CLANG_WARN_EMPTY_BODY = YES;
				CLANG_WARN_ENUM_CONVERSION = YES;
				CLANG_WARN_INFINITE_RECURSION = YES;
				CLANG_WARN_INT_CONVERSION = YES;
				CLANG_WARN_NON_LITERAL_NULL_CONVERSION = YES;
				CLANG_WARN_OBJC_IMPLICIT_RETAIN_SELF = YES;
				CLANG_WARN_OBJC_LITERAL_CONVERSION = YES;
				CLANG_WARN_OBJC_ROOT_CLASS = YES_ERROR;
				CLANG_WARN_QUOTED_INCLUDE_IN_FRAMEWORK_HEADER = YES;
				CLANG_WARN_RANGE_LOOP_ANALYSIS = YES;
				CLANG_WARN_STRICT_PROTOTYPES = YES;
				CLANG_WARN_SUSPICIOUS_MOVE = YES;
				CLANG_WARN_UNGUARDED_AVAILABILITY = YES_AGGRESSIVE;
				CLANG_WARN_UNREACHABLE_CODE = YES;
				CLANG_WARN__DUPLICATE_METHOD_MATCH = YES;
				COPY_PHASE_STRIP = NO;
				DEBUG_INFORMATION_FORMAT = dwarf;
				ENABLE_STRICT_OBJC_MSGSEND = YES;
				ENABLE_TESTABILITY = YES;
				GCC_C_LANGUAGE_STANDARD = gnu11;
				GCC_DYNAMIC_NO_PIC = NO;
				GCC_NO_COMMON_BLOCKS = YES;
				GCC_OPTIMIZATION_LEVEL = 0;
				GCC_PREPROCESSOR_DEFINITIONS = (
					"DEBUG=1",
					"$(inherited)",
				);
				GCC_WARN_64_TO_32_BIT_CONVERSION = YES;
				GCC_WARN_ABOUT_RETURN_TYPE = YES_ERROR;
				GCC_WARN_UNDECLARED_SELECTOR = YES;
				GCC_WARN_UNINITIALIZED_AUTOS = YES_AGGRESSIVE;
				GCC_WARN_UNUSED_FUNCTION = YES;
				GCC_WARN_UNUSED_VARIABLE = YES;
				IPHONEOS_DEPLOYMENT_TARGET = 14.0;
				MTL_ENABLE_DEBUG_INFO = INCLUDE_SOURCE;
				MTL_FAST_MATH = YES;
				ONLY_ACTIVE_ARCH = YES;
				SDKROOT = iphoneos;
				SWIFT_ACTIVE_COMPILATION_CONDITIONS = DEBUG;
				SWIFT_OPTIMIZATION_LEVEL = "-Onone";
			};
			name = Debug;
		};
		D5E1B3622751611D0022E100 /* Release */ = {
			isa = XCBuildConfiguration;
			buildSettings = {
				ALWAYS_SEARCH_USER_PATHS = NO;
				CLANG_ANALYZER_NONNULL = YES;
				CLANG_ANALYZER_NUMBER_OBJECT_CONVERSION = YES_AGGRESSIVE;
				CLANG_CXX_LANGUAGE_STANDARD = "gnu++14";
				CLANG_CXX_LIBRARY = "libc++";
				CLANG_ENABLE_MODULES = YES;
				CLANG_ENABLE_OBJC_ARC = YES;
				CLANG_ENABLE_OBJC_WEAK = YES;
				CLANG_WARN_BLOCK_CAPTURE_AUTORELEASING = YES;
				CLANG_WARN_BOOL_CONVERSION = YES;
				CLANG_WARN_COMMA = YES;
				CLANG_WARN_CONSTANT_CONVERSION = YES;
				CLANG_WARN_DEPRECATED_OBJC_IMPLEMENTATIONS = YES;
				CLANG_WARN_DIRECT_OBJC_ISA_USAGE = YES_ERROR;
				CLANG_WARN_DOCUMENTATION_COMMENTS = YES;
				CLANG_WARN_EMPTY_BODY = YES;
				CLANG_WARN_ENUM_CONVERSION = YES;
				CLANG_WARN_INFINITE_RECURSION = YES;
				CLANG_WARN_INT_CONVERSION = YES;
				CLANG_WARN_NON_LITERAL_NULL_CONVERSION = YES;
				CLANG_WARN_OBJC_IMPLICIT_RETAIN_SELF = YES;
				CLANG_WARN_OBJC_LITERAL_CONVERSION = YES;
				CLANG_WARN_OBJC_ROOT_CLASS = YES_ERROR;
				CLANG_WARN_QUOTED_INCLUDE_IN_FRAMEWORK_HEADER = YES;
				CLANG_WARN_RANGE_LOOP_ANALYSIS = YES;
				CLANG_WARN_STRICT_PROTOTYPES = YES;
				CLANG_WARN_SUSPICIOUS_MOVE = YES;
				CLANG_WARN_UNGUARDED_AVAILABILITY = YES_AGGRESSIVE;
				CLANG_WARN_UNREACHABLE_CODE = YES;
				CLANG_WARN__DUPLICATE_METHOD_MATCH = YES;
				COPY_PHASE_STRIP = NO;
				DEBUG_INFORMATION_FORMAT = "dwarf-with-dsym";
				ENABLE_NS_ASSERTIONS = NO;
				ENABLE_STRICT_OBJC_MSGSEND = YES;
				GCC_C_LANGUAGE_STANDARD = gnu11;
				GCC_NO_COMMON_BLOCKS = YES;
				GCC_WARN_64_TO_32_BIT_CONVERSION = YES;
				GCC_WARN_ABOUT_RETURN_TYPE = YES_ERROR;
				GCC_WARN_UNDECLARED_SELECTOR = YES;
				GCC_WARN_UNINITIALIZED_AUTOS = YES_AGGRESSIVE;
				GCC_WARN_UNUSED_FUNCTION = YES;
				GCC_WARN_UNUSED_VARIABLE = YES;
				IPHONEOS_DEPLOYMENT_TARGET = 14.0;
				MTL_ENABLE_DEBUG_INFO = NO;
				MTL_FAST_MATH = YES;
				SDKROOT = iphoneos;
				SWIFT_COMPILATION_MODE = wholemodule;
				SWIFT_OPTIMIZATION_LEVEL = "-O";
				VALIDATE_PRODUCT = YES;
			};
			name = Release;
		};
		D5E1B3642751611D0022E100 /* Debug */ = {
			isa = XCBuildConfiguration;
			baseConfigurationReference = B4B202E4E3926962B1A31681 /* Pods-ShopingList.debug.xcconfig */;
			buildSettings = {
				ASSETCATALOG_COMPILER_APPICON_NAME = AppIcon;
				ASSETCATALOG_COMPILER_GLOBAL_ACCENT_COLOR_NAME = AccentColor;
				CODE_SIGN_STYLE = Automatic;
				DEVELOPMENT_TEAM = 35ER5MU285;
				INFOPLIST_FILE = ShopingList/Info.plist;
				IPHONEOS_DEPLOYMENT_TARGET = 13.0;
				LD_RUNPATH_SEARCH_PATHS = (
					"$(inherited)",
					"@executable_path/Frameworks",
				);
				PRODUCT_BUNDLE_IDENTIFIER = net.QTrak.ShopingList;
				PRODUCT_NAME = "$(TARGET_NAME)";
				SWIFT_VERSION = 5.0;
				TARGETED_DEVICE_FAMILY = "1,2";
			};
			name = Debug;
		};
		D5E1B3652751611D0022E100 /* Release */ = {
			isa = XCBuildConfiguration;
			baseConfigurationReference = C0B8A01CC34668D653F35D49 /* Pods-ShopingList.release.xcconfig */;
			buildSettings = {
				ASSETCATALOG_COMPILER_APPICON_NAME = AppIcon;
				ASSETCATALOG_COMPILER_GLOBAL_ACCENT_COLOR_NAME = AccentColor;
				CODE_SIGN_STYLE = Automatic;
				DEVELOPMENT_TEAM = 35ER5MU285;
				INFOPLIST_FILE = ShopingList/Info.plist;
				IPHONEOS_DEPLOYMENT_TARGET = 13.0;
				LD_RUNPATH_SEARCH_PATHS = (
					"$(inherited)",
					"@executable_path/Frameworks",
				);
				PRODUCT_BUNDLE_IDENTIFIER = net.QTrak.ShopingList;
				PRODUCT_NAME = "$(TARGET_NAME)";
				SWIFT_VERSION = 5.0;
				TARGETED_DEVICE_FAMILY = "1,2";
			};
			name = Release;
		};
		D5E1B3672751611D0022E100 /* Debug */ = {
			isa = XCBuildConfiguration;
			buildSettings = {
				ALWAYS_EMBED_SWIFT_STANDARD_LIBRARIES = YES;
				BUNDLE_LOADER = "$(TEST_HOST)";
				CODE_SIGN_STYLE = Automatic;
				DEVELOPMENT_TEAM = 35ER5MU285;
				INFOPLIST_FILE = ShopingListTests/Info.plist;
				IPHONEOS_DEPLOYMENT_TARGET = 14.0;
				LD_RUNPATH_SEARCH_PATHS = (
					"$(inherited)",
					"@executable_path/Frameworks",
					"@loader_path/Frameworks",
				);
				PRODUCT_BUNDLE_IDENTIFIER = net.QTrak.ShopingListTests;
				PRODUCT_NAME = "$(TARGET_NAME)";
				SWIFT_VERSION = 5.0;
				TARGETED_DEVICE_FAMILY = "1,2";
				TEST_HOST = "$(BUILT_PRODUCTS_DIR)/ShopingList.app/ShopingList";
			};
			name = Debug;
		};
		D5E1B3682751611D0022E100 /* Release */ = {
			isa = XCBuildConfiguration;
			buildSettings = {
				ALWAYS_EMBED_SWIFT_STANDARD_LIBRARIES = YES;
				BUNDLE_LOADER = "$(TEST_HOST)";
				CODE_SIGN_STYLE = Automatic;
				DEVELOPMENT_TEAM = 35ER5MU285;
				INFOPLIST_FILE = ShopingListTests/Info.plist;
				IPHONEOS_DEPLOYMENT_TARGET = 14.0;
				LD_RUNPATH_SEARCH_PATHS = (
					"$(inherited)",
					"@executable_path/Frameworks",
					"@loader_path/Frameworks",
				);
				PRODUCT_BUNDLE_IDENTIFIER = net.QTrak.ShopingListTests;
				PRODUCT_NAME = "$(TARGET_NAME)";
				SWIFT_VERSION = 5.0;
				TARGETED_DEVICE_FAMILY = "1,2";
				TEST_HOST = "$(BUILT_PRODUCTS_DIR)/ShopingList.app/ShopingList";
			};
			name = Release;
		};
		D5E1B36A2751611D0022E100 /* Debug */ = {
			isa = XCBuildConfiguration;
			buildSettings = {
				ALWAYS_EMBED_SWIFT_STANDARD_LIBRARIES = YES;
				CODE_SIGN_STYLE = Automatic;
				DEVELOPMENT_TEAM = 35ER5MU285;
				INFOPLIST_FILE = ShopingListUITests/Info.plist;
				LD_RUNPATH_SEARCH_PATHS = (
					"$(inherited)",
					"@executable_path/Frameworks",
					"@loader_path/Frameworks",
				);
				PRODUCT_BUNDLE_IDENTIFIER = net.QTrak.ShopingListUITests;
				PRODUCT_NAME = "$(TARGET_NAME)";
				SWIFT_VERSION = 5.0;
				TARGETED_DEVICE_FAMILY = "1,2";
				TEST_TARGET_NAME = ShopingList;
			};
			name = Debug;
		};
		D5E1B36B2751611D0022E100 /* Release */ = {
			isa = XCBuildConfiguration;
			buildSettings = {
				ALWAYS_EMBED_SWIFT_STANDARD_LIBRARIES = YES;
				CODE_SIGN_STYLE = Automatic;
				DEVELOPMENT_TEAM = 35ER5MU285;
				INFOPLIST_FILE = ShopingListUITests/Info.plist;
				LD_RUNPATH_SEARCH_PATHS = (
					"$(inherited)",
					"@executable_path/Frameworks",
					"@loader_path/Frameworks",
				);
				PRODUCT_BUNDLE_IDENTIFIER = net.QTrak.ShopingListUITests;
				PRODUCT_NAME = "$(TARGET_NAME)";
				SWIFT_VERSION = 5.0;
				TARGETED_DEVICE_FAMILY = "1,2";
				TEST_TARGET_NAME = ShopingList;
			};
			name = Release;
		};
/* End XCBuildConfiguration section */

/* Begin XCConfigurationList section */
		D5E1B3342751611D0022E100 /* Build configuration list for PBXProject "ShopingList" */ = {
			isa = XCConfigurationList;
			buildConfigurations = (
				D5E1B3612751611D0022E100 /* Debug */,
				D5E1B3622751611D0022E100 /* Release */,
			);
			defaultConfigurationIsVisible = 0;
			defaultConfigurationName = Release;
		};
		D5E1B3632751611D0022E100 /* Build configuration list for PBXNativeTarget "ShopingList" */ = {
			isa = XCConfigurationList;
			buildConfigurations = (
				D5E1B3642751611D0022E100 /* Debug */,
				D5E1B3652751611D0022E100 /* Release */,
			);
			defaultConfigurationIsVisible = 0;
			defaultConfigurationName = Release;
		};
		D5E1B3662751611D0022E100 /* Build configuration list for PBXNativeTarget "ShopingListTests" */ = {
			isa = XCConfigurationList;
			buildConfigurations = (
				D5E1B3672751611D0022E100 /* Debug */,
				D5E1B3682751611D0022E100 /* Release */,
			);
			defaultConfigurationIsVisible = 0;
			defaultConfigurationName = Release;
		};
		D5E1B3692751611D0022E100 /* Build configuration list for PBXNativeTarget "ShopingListUITests" */ = {
			isa = XCConfigurationList;
			buildConfigurations = (
				D5E1B36A2751611D0022E100 /* Debug */,
				D5E1B36B2751611D0022E100 /* Release */,
			);
			defaultConfigurationIsVisible = 0;
			defaultConfigurationName = Release;
		};
/* End XCConfigurationList section */
	};
	rootObject = D5E1B3312751611D0022E100 /* Project object */;
}
