// !$*UTF8*$!
{
	archiveVersion = 1;
	classes = {
	};
	objectVersion = 50;
	objects = {

/* Begin PBXBuildFile section */
		D5E1B33D2751611D0022E100 /* AppDelegate.swift in Sources */ = {isa = PBXBuildFile; fileRef = D5E1B33C2751611D0022E100 /* AppDelegate.swift */; };
		D5E1B33F2751611D0022E100 /* SceneDelegate.swift in Sources */ = {isa = PBXBuildFile; fileRef = D5E1B33E2751611D0022E100 /* SceneDelegate.swift */; };
		D5E1B3412751611D0022E100 /* ViewController.swift in Sources */ = {isa = PBXBuildFile; fileRef = D5E1B3402751611D0022E100 /* ViewController.swift */; };
		D5E1B3442751611D0022E100 /* Main.storyboard in Resources */ = {isa = PBXBuildFile; fileRef = D5E1B3422751611D0022E100 /* Main.storyboard */; };
		D5E1B3462751611D0022E100 /* Assets.xcassets in Resources */ = {isa = PBXBuildFile; fileRef = D5E1B3452751611D0022E100 /* Assets.xcassets */; };
		D5E1B3492751611D0022E100 /* LaunchScreen.storyboard in Resources */ = {isa = PBXBuildFile; fileRef = D5E1B3472751611D0022E100 /* LaunchScreen.storyboard */; };
		D5E1B3542751611D0022E100 /* ShopingListTests.swift in Sources */ = {isa = PBXBuildFile; fileRef = D5E1B3532751611D0022E100 /* ShopingListTests.swift */; };
		D5E1B35F2751611D0022E100 /* ShopingListUITests.swift in Sources */ = {isa = PBXBuildFile; fileRef = D5E1B35E2751611D0022E100 /* ShopingListUITests.swift */; };
/* End PBXBuildFile section */

/* Begin PBXContainerItemProxy section */
		D5E1B3502751611D0022E100 /* PBXContainerItemProxy */ = {
			isa = PBXContainerItemProxy;
			containerPortal = D5E1B3312751611D0022E100 /* Project object */;
			proxyType = 1;
			remoteGlobalIDString = D5E1B3382751611D0022E100;
			remoteInfo = ShopingList;
		};
		D5E1B35B2751611D0022E100 /* PBXContainerItemProxy */ = {
			isa = PBXContainerItemProxy;
			containerPortal = D5E1B3312751611D0022E100 /* Project object */;
			proxyType = 1;
			remoteGlobalIDString = D5E1B3382751611D0022E100;
			remoteInfo = ShopingList;
		};
/* End PBXContainerItemProxy section */

/* Begin PBXFileReference section */
		D5E1B3392751611D0022E100 /* ShopingList.app */ = {isa = PBXFileReference; explicitFileType = wrapper.application; includeInIndex = 0; path = ShopingList.app; sourceTree = BUILT_PRODUCTS_DIR; };
		D5E1B33C2751611D0022E100 /* AppDelegate.swift */ = {isa = PBXFileReference; lastKnownFileType = sourcecode.swift; path = AppDelegate.swift; sourceTree = "<group>"; };
		D5E1B33E2751611D0022E100 /* SceneDelegate.swift */ = {isa = PBXFileReference; lastKnownFileType = sourcecode.swift; path = SceneDelegate.swift; sourceTree = "<group>"; };
		D5E1B3402751611D0022E100 /* ViewController.swift */ = {isa = PBXFileReference; lastKnownFileType = sourcecode.swift; path = ViewController.swift; sourceTree = "<group>"; };
		D5E1B3432751611D0022E100 /* Base */ = {isa = PBXFileReference; lastKnownFileType = file.storyboard; name = Base; path = Base.lproj/Main.storyboard; sourceTree = "<group>"; };
		D5E1B3452751611D0022E100 /* Assets.xcassets */ = {isa = PBXFileReference; lastKnownFileType = folder.assetcatalog; path = Assets.xcassets; sourceTree = "<group>"; };
		D5E1B3482751611D0022E100 /* Base */ = {isa = PBXFileReference; lastKnownFileType = file.storyboard; name = Base; path = Base.lproj/LaunchScreen.storyboard; sourceTree = "<group>"; };
		D5E1B34A2751611D0022E100 /* Info.plist */ = {isa = PBXFileReference; lastKnownFileType = text.plist.xml; path = Info.plist; sourceTree = "<group>"; };
		D5E1B34F2751611D0022E100 /* ShopingListTests.xctest */ = {isa = PBXFileReference; explicitFileType = wrapper.cfbundle; includeInIndex = 0; path = ShopingListTests.xctest; sourceTree = BUILT_PRODUCTS_DIR; };
		D5E1B3532751611D0022E100 /* ShopingListTests.swift */ = {isa = PBXFileReference; lastKnownFileType = sourcecode.swift; path = ShopingListTests.swift; sourceTree = "<group>"; };
		D5E1B3552751611D0022E100 /* Info.plist */ = {isa = PBXFileReference; lastKnownFileType = text.plist.xml; path = Info.plist; sourceTree = "<group>"; };
		D5E1B35A2751611D0022E100 /* ShopingListUITests.xctest */ = {isa = PBXFileReference; explicitFileType = wrapper.cfbundle; includeInIndex = 0; path = ShopingListUITests.xctest; sourceTree = BUILT_PRODUCTS_DIR; };
		D5E1B35E2751611D0022E100 /* ShopingListUITests.swift */ = {isa = PBXFileReference; lastKnownFileType = sourcecode.swift; path = ShopingListUITests.swift; sourceTree = "<group>"; };
		D5E1B3602751611D0022E100 /* Info.plist */ = {isa = PBXFileReference; lastKnownFileType = text.plist.xml; path = Info.plist; sourceTree = "<group>"; };
/* End PBXFileReference section */

/* Begin PBXFrameworksBuildPhase section */
		D5E1B3362751611D0022E100 /* Frameworks */ = {
			isa = PBXFrameworksBuildPhase;
			buildActionMask = 2147483647;
			files = (
			);
			runOnlyForDeploymentPostprocessing = 0;
		};
		D5E1B34C2751611D0022E100 /* Frameworks */ = {
			isa = PBXFrameworksBuildPhase;
			buildActionMask = 2147483647;
			files = (
			);
			runOnlyForDeploymentPostprocessing = 0;
		};
		D5E1B3572751611D0022E100 /* Frameworks */ = {
			isa = PBXFrameworksBuildPhase;
			buildActionMask = 2147483647;
			files = (
			);
			runOnlyForDeploymentPostprocessing = 0;
		};
/* End PBXFrameworksBuildPhase section */

/* Begin PBXGroup section */
		D5E1B3302751611D0022E100 = {
			isa = PBXGroup;
			children = (
				D5E1B33B2751611D0022E100 /* ShopingList */,
				D5E1B3522751611D0022E100 /* ShopingListTests */,
				D5E1B35D2751611D0022E100 /* ShopingListUITests */,
				D5E1B33A2751611D0022E100 /* Products */,
			);
			sourceTree = "<group>";
		};
		D5E1B33A2751611D0022E100 /* Products */ = {
			isa = PBXGroup;
			children = (
				D5E1B3392751611D0022E100 /* ShopingList.app */,
				D5E1B34F2751611D0022E100 /* ShopingListTests.xctest */,
				D5E1B35A2751611D0022E100 /* ShopingListUITests.xctest */,
			);
			name = Products;
			sourceTree = "<group>";
		};
		D5E1B33B2751611D0022E100 /* ShopingList */ = {
			isa = PBXGroup;
			children = (
				D5E1B33C2751611D0022E100 /* AppDelegate.swift */,
				D5E1B33E2751611D0022E100 /* SceneDelegate.swift */,
				D5E1B3402751611D0022E100 /* ViewController.swift */,
				D5E1B3422751611D0022E100 /* Main.storyboard */,
				D5E1B3452751611D0022E100 /* Assets.xcassets */,
				D5E1B3472751611D0022E100 /* LaunchScreen.storyboard */,
				D5E1B34A2751611D0022E100 /* Info.plist */,
			);
			path = ShopingList;
			sourceTree = "<group>";
		};
		D5E1B3522751611D0022E100 /* ShopingListTests */ = {
			isa = PBXGroup;
			children = (
				D5E1B3532751611D0022E100 /* ShopingListTests.swift */,
				D5E1B3552751611D0022E100 /* Info.plist */,
			);
			path = ShopingListTests;
			sourceTree = "<group>";
		};
		D5E1B35D2751611D0022E100 /* ShopingListUITests */ = {
			isa = PBXGroup;
			children = (
				D5E1B35E2751611D0022E100 /* ShopingListUITests.swift */,
				D5E1B3602751611D0022E100 /* Info.plist */,
			);
			path = ShopingListUITests;
			sourceTree = "<group>";
		};
/* End PBXGroup section */

/* Begin PBXNativeTarget section */
		D5E1B3382751611D0022E100 /* ShopingList */ = {
			isa = PBXNativeTarget;
			buildConfigurationList = D5E1B3632751611D0022E100 /* Build configuration list for PBXNativeTarget "ShopingList" */;
			buildPhases = (
				D5E1B3352751611D0022E100 /* Sources */,
				D5E1B3362751611D0022E100 /* Frameworks */,
				D5E1B3372751611D0022E100 /* Resources */,
			);
			buildRules = (
			);
			dependencies = (
			);
			name = ShopingList;
			productName = ShopingList;
			productReference = D5E1B3392751611D0022E100 /* ShopingList.app */;
			productType = "com.apple.product-type.application";
		};
		D5E1B34E2751611D0022E100 /* ShopingListTests */ = {
			isa = PBXNativeTarget;
			buildConfigurationList = D5E1B3662751611D0022E100 /* Build configuration list for PBXNativeTarget "ShopingListTests" */;
			buildPhases = (
				D5E1B34B2751611D0022E100 /* Sources */,
				D5E1B34C2751611D0022E100 /* Frameworks */,
				D5E1B34D2751611D0022E100 /* Resources */,
			);
			buildRules = (
			);
			dependencies = (
				D5E1B3512751611D0022E100 /* PBXTargetDependency */,
			);
			name = ShopingListTests;
			productName = ShopingListTests;
			productReference = D5E1B34F2751611D0022E100 /* ShopingListTests.xctest */;
			productType = "com.apple.product-type.bundle.unit-test";
		};
		D5E1B3592751611D0022E100 /* ShopingListUITests */ = {
			isa = PBXNativeTarget;
			buildConfigurationList = D5E1B3692751611D0022E100 /* Build configuration list for PBXNativeTarget "ShopingListUITests" */;
			buildPhases = (
				D5E1B3562751611D0022E100 /* Sources */,
				D5E1B3572751611D0022E100 /* Frameworks */,
				D5E1B3582751611D0022E100 /* Resources */,
			);
			buildRules = (
			);
			dependencies = (
				D5E1B35C2751611D0022E100 /* PBXTargetDependency */,
			);
			name = ShopingListUITests;
			productName = ShopingListUITests;
			productReference = D5E1B35A2751611D0022E100 /* ShopingListUITests.xctest */;
			productType = "com.apple.product-type.bundle.ui-testing";
		};
/* End PBXNativeTarget section */

/* Begin PBXProject section */
		D5E1B3312751611D0022E100 /* Project object */ = {
			isa = PBXProject;
			attributes = {
				LastSwiftUpdateCheck = 1200;
				LastUpgradeCheck = 1200;
				TargetAttributes = {
					D5E1B3382751611D0022E100 = {
						CreatedOnToolsVersion = 12.0;
					};
					D5E1B34E2751611D0022E100 = {
						CreatedOnToolsVersion = 12.0;
						TestTargetID = D5E1B3382751611D0022E100;
					};
					D5E1B3592751611D0022E100 = {
						CreatedOnToolsVersion = 12.0;
						TestTargetID = D5E1B3382751611D0022E100;
					};
				};
			};
			buildConfigurationList = D5E1B3342751611D0022E100 /* Build configuration list for PBXProject "ShopingList" */;
			compatibilityVersion = "Xcode 9.3";
			developmentRegion = en;
			hasScannedForEncodings = 0;
			knownRegions = (
				en,
				Base,
			);
			mainGroup = D5E1B3302751611D0022E100;
			productRefGroup = D5E1B33A2751611D0022E100 /* Products */;
			projectDirPath = "";
			projectRoot = "";
			targets = (
				D5E1B3382751611D0022E100 /* ShopingList */,
				D5E1B34E2751611D0022E100 /* ShopingListTests */,
				D5E1B3592751611D0022E100 /* ShopingListUITests */,
			);
		};
/* End PBXProject section */

/* Begin PBXResourcesBuildPhase section */
		D5E1B3372751611D0022E100 /* Resources */ = {
			isa = PBXResourcesBuildPhase;
			buildActionMask = 2147483647;
			files = (
				D5E1B3492751611D0022E100 /* LaunchScreen.storyboard in Resources */,
				D5E1B3462751611D0022E100 /* Assets.xcassets in Resources */,
				D5E1B3442751611D0022E100 /* Main.storyboard in Resources */,
			);
			runOnlyForDeploymentPostprocessing = 0;
		};
		D5E1B34D2751611D0022E100 /* Resources */ = {
			isa = PBXResourcesBuildPhase;
			buildActionMask = 2147483647;
			files = (
			);
			runOnlyForDeploymentPostprocessing = 0;
		};
		D5E1B3582751611D0022E100 /* Resources */ = {
			isa = PBXResourcesBuildPhase;
			buildActionMask = 2147483647;
			files = (
			);
			runOnlyForDeploymentPostprocessing = 0;
		};
/* End PBXResourcesBuildPhase section */

/* Begin PBXSourcesBuildPhase section */
		D5E1B3352751611D0022E100 /* Sources */ = {
			isa = PBXSourcesBuildPhase;
			buildActionMask = 2147483647;
			files = (
				D5E1B3412751611D0022E100 /* ViewController.swift in Sources */,
				D5E1B33D2751611D0022E100 /* AppDelegate.swift in Sources */,
				D5E1B33F2751611D0022E100 /* SceneDelegate.swift in Sources */,
			);
			runOnlyForDeploymentPostprocessing = 0;
		};
		D5E1B34B2751611D0022E100 /* Sources */ = {
			isa = PBXSourcesBuildPhase;
			buildActionMask = 2147483647;
			files = (
				D5E1B3542751611D0022E100 /* ShopingListTests.swift in Sources */,
			);
			runOnlyForDeploymentPostprocessing = 0;
		};
		D5E1B3562751611D0022E100 /* Sources */ = {
			isa = PBXSourcesBuildPhase;
			buildActionMask = 2147483647;
			files = (
				D5E1B35F2751611D0022E100 /* ShopingListUITests.swift in Sources */,
			);
			runOnlyForDeploymentPostprocessing = 0;
		};
/* End PBXSourcesBuildPhase section */

/* Begin PBXTargetDependency section */
		D5E1B3512751611D0022E100 /* PBXTargetDependency */ = {
			isa = PBXTargetDependency;
			target = D5E1B3382751611D0022E100 /* ShopingList */;
			targetProxy = D5E1B3502751611D0022E100 /* PBXContainerItemProxy */;
		};
		D5E1B35C2751611D0022E100 /* PBXTargetDependency */ = {
			isa = PBXTargetDependency;
			target = D5E1B3382751611D0022E100 /* ShopingList */;
			targetProxy = D5E1B35B2751611D0022E100 /* PBXContainerItemProxy */;
		};
/* End PBXTargetDependency section */

/* Begin PBXVariantGroup section */
		D5E1B3422751611D0022E100 /* Main.storyboard */ = {
			isa = PBXVariantGroup;
			children = (
				D5E1B3432751611D0022E100 /* Base */,
			);
			name = Main.storyboard;
			sourceTree = "<group>";
		};
		D5E1B3472751611D0022E100 /* LaunchScreen.storyboard */ = {
			isa = PBXVariantGroup;
			children = (
				D5E1B3482751611D0022E100 /* Base */,
			);
			name = LaunchScreen.storyboard;
			sourceTree = "<group>";
		};
/* End PBXVariantGroup section */

/* Begin XCBuildConfiguration section */
		D5E1B3612751611D0022E100 /* Debug */ = {
			isa = XCBuildConfiguration;
			buildSettings = {
				ALWAYS_SEARCH_USER_PATHS = NO;
				CLANG_ANALYZER_NONNULL = YES;
				CLANG_ANALYZER_NUMBER_OBJECT_CONVERSION = YES_AGGRESSIVE;
				CLANG_CXX_LANGUAGE_STANDARD = "gnu++14";
				CLANG_CXX_LIBRARY = "libc++";
				CLANG_ENABLE_MODULES = YES;
				CLANG_ENABLE_OBJC_ARC = YES;
				CLANG_ENABLE_OBJC_WEAK = YES;
				CLANG_WARN_BLOCK_CAPTURE_AUTORELEASING = YES;
				CLANG_WARN_BOOL_CONVERSION = YES;
				CLANG_WARN_COMMA = YES;
				CLANG_WARN_CONSTANT_CONVERSION = YES;
				CLANG_WARN_DEPRECATED_OBJC_IMPLEMENTATIONS = YES;
				CLANG_WARN_DIRECT_OBJC_ISA_USAGE = YES_ERROR;
				CLANG_WARN_DOCUMENTATION_COMMENTS = YES;
				CLANG_WARN_EMPTY_BODY = YES;
				CLANG_WARN_ENUM_CONVERSION = YES;
				CLANG_WARN_INFINITE_RECURSION = YES;
				CLANG_WARN_INT_CONVERSION = YES;
				CLANG_WARN_NON_LITERAL_NULL_CONVERSION = YES;
				CLANG_WARN_OBJC_IMPLICIT_RETAIN_SELF = YES;
				CLANG_WARN_OBJC_LITERAL_CONVERSION = YES;
				CLANG_WARN_OBJC_ROOT_CLASS = YES_ERROR;
				CLANG_WARN_QUOTED_INCLUDE_IN_FRAMEWORK_HEADER = YES;
				CLANG_WARN_RANGE_LOOP_ANALYSIS = YES;
				CLANG_WARN_STRICT_PROTOTYPES = YES;
				CLANG_WARN_SUSPICIOUS_MOVE = YES;
				CLANG_WARN_UNGUARDED_AVAILABILITY = YES_AGGRESSIVE;
				CLANG_WARN_UNREACHABLE_CODE = YES;
				CLANG_WARN__DUPLICATE_METHOD_MATCH = YES;
				COPY_PHASE_STRIP = NO;
				DEBUG_INFORMATION_FORMAT = dwarf;
				ENABLE_STRICT_OBJC_MSGSEND = YES;
				ENABLE_TESTABILITY = YES;
				GCC_C_LANGUAGE_STANDARD = gnu11;
				GCC_DYNAMIC_NO_PIC = NO;
				GCC_NO_COMMON_BLOCKS = YES;
				GCC_OPTIMIZATION_LEVEL = 0;
				GCC_PREPROCESSOR_DEFINITIONS = (
					"DEBUG=1",
					"$(inherited)",
				);
				GCC_WARN_64_TO_32_BIT_CONVERSION = YES;
				GCC_WARN_ABOUT_RETURN_TYPE = YES_ERROR;
				GCC_WARN_UNDECLARED_SELECTOR = YES;
				GCC_WARN_UNINITIALIZED_AUTOS = YES_AGGRESSIVE;
				GCC_WARN_UNUSED_FUNCTION = YES;
				GCC_WARN_UNUSED_VARIABLE = YES;
				IPHONEOS_DEPLOYMENT_TARGET = 14.0;
				MTL_ENABLE_DEBUG_INFO = INCLUDE_SOURCE;
				MTL_FAST_MATH = YES;
				ONLY_ACTIVE_ARCH = YES;
				SDKROOT = iphoneos;
				SWIFT_ACTIVE_COMPILATION_CONDITIONS = DEBUG;
				SWIFT_OPTIMIZATION_LEVEL = "-Onone";
			};
			name = Debug;
		};
		D5E1B3622751611D0022E100 /* Release */ = {
			isa = XCBuildConfiguration;
			buildSettings = {
				ALWAYS_SEARCH_USER_PATHS = NO;
				CLANG_ANALYZER_NONNULL = YES;
				CLANG_ANALYZER_NUMBER_OBJECT_CONVERSION = YES_AGGRESSIVE;
				CLANG_CXX_LANGUAGE_STANDARD = "gnu++14";
				CLANG_CXX_LIBRARY = "libc++";
				CLANG_ENABLE_MODULES = YES;
				CLANG_ENABLE_OBJC_ARC = YES;
				CLANG_ENABLE_OBJC_WEAK = YES;
				CLANG_WARN_BLOCK_CAPTURE_AUTORELEASING = YES;
				CLANG_WARN_BOOL_CONVERSION = YES;
				CLANG_WARN_COMMA = YES;
				CLANG_WARN_CONSTANT_CONVERSION = YES;
				CLANG_WARN_DEPRECATED_OBJC_IMPLEMENTATIONS = YES;
				CLANG_WARN_DIRECT_OBJC_ISA_USAGE = YES_ERROR;
				CLANG_WARN_DOCUMENTATION_COMMENTS = YES;
				CLANG_WARN_EMPTY_BODY = YES;
				CLANG_WARN_ENUM_CONVERSION = YES;
				CLANG_WARN_INFINITE_RECURSION = YES;
				CLANG_WARN_INT_CONVERSION = YES;
				CLANG_WARN_NON_LITERAL_NULL_CONVERSION = YES;
				CLANG_WARN_OBJC_IMPLICIT_RETAIN_SELF = YES;
				CLANG_WARN_OBJC_LITERAL_CONVERSION = YES;
				CLANG_WARN_OBJC_ROOT_CLASS = YES_ERROR;
				CLANG_WARN_QUOTED_INCLUDE_IN_FRAMEWORK_HEADER = YES;
				CLANG_WARN_RANGE_LOOP_ANALYSIS = YES;
				CLANG_WARN_STRICT_PROTOTYPES = YES;
				CLANG_WARN_SUSPICIOUS_MOVE = YES;
				CLANG_WARN_UNGUARDED_AVAILABILITY = YES_AGGRESSIVE;
				CLANG_WARN_UNREACHABLE_CODE = YES;
				CLANG_WARN__DUPLICATE_METHOD_MATCH = YES;
				COPY_PHASE_STRIP = NO;
				DEBUG_INFORMATION_FORMAT = "dwarf-with-dsym";
				ENABLE_NS_ASSERTIONS = NO;
				ENABLE_STRICT_OBJC_MSGSEND = YES;
				GCC_C_LANGUAGE_STANDARD = gnu11;
				GCC_NO_COMMON_BLOCKS = YES;
				GCC_WARN_64_TO_32_BIT_CONVERSION = YES;
				GCC_WARN_ABOUT_RETURN_TYPE = YES_ERROR;
				GCC_WARN_UNDECLARED_SELECTOR = YES;
				GCC_WARN_UNINITIALIZED_AUTOS = YES_AGGRESSIVE;
				GCC_WARN_UNUSED_FUNCTION = YES;
				GCC_WARN_UNUSED_VARIABLE = YES;
				IPHONEOS_DEPLOYMENT_TARGET = 14.0;
				MTL_ENABLE_DEBUG_INFO = NO;
				MTL_FAST_MATH = YES;
				SDKROOT = iphoneos;
				SWIFT_COMPILATION_MODE = wholemodule;
				SWIFT_OPTIMIZATION_LEVEL = "-O";
				VALIDATE_PRODUCT = YES;
			};
			name = Release;
		};
		D5E1B3642751611D0022E100 /* Debug */ = {
			isa = XCBuildConfiguration;
			buildSettings = {
				ASSETCATALOG_COMPILER_APPICON_NAME = AppIcon;
				ASSETCATALOG_COMPILER_GLOBAL_ACCENT_COLOR_NAME = AccentColor;
				CODE_SIGN_STYLE = Automatic;
				DEVELOPMENT_TEAM = 35ER5MU285;
				INFOPLIST_FILE = ShopingList/Info.plist;
				LD_RUNPATH_SEARCH_PATHS = (
					"$(inherited)",
					"@executable_path/Frameworks",
				);
				PRODUCT_BUNDLE_IDENTIFIER = net.QTrak.ShopingList;
				PRODUCT_NAME = "$(TARGET_NAME)";
				SWIFT_VERSION = 5.0;
				TARGETED_DEVICE_FAMILY = "1,2";
			};
			name = Debug;
		};
		D5E1B3652751611D0022E100 /* Release */ = {
			isa = XCBuildConfiguration;
			buildSettings = {
				ASSETCATALOG_COMPILER_APPICON_NAME = AppIcon;
				ASSETCATALOG_COMPILER_GLOBAL_ACCENT_COLOR_NAME = AccentColor;
				CODE_SIGN_STYLE = Automatic;
				DEVELOPMENT_TEAM = 35ER5MU285;
				INFOPLIST_FILE = ShopingList/Info.plist;
				LD_RUNPATH_SEARCH_PATHS = (
					"$(inherited)",
					"@executable_path/Frameworks",
				);
				PRODUCT_BUNDLE_IDENTIFIER = net.QTrak.ShopingList;
				PRODUCT_NAME = "$(TARGET_NAME)";
				SWIFT_VERSION = 5.0;
				TARGETED_DEVICE_FAMILY = "1,2";
			};
			name = Release;
		};
		D5E1B3672751611D0022E100 /* Debug */ = {
			isa = XCBuildConfiguration;
			buildSettings = {
				ALWAYS_EMBED_SWIFT_STANDARD_LIBRARIES = YES;
				BUNDLE_LOADER = "$(TEST_HOST)";
				CODE_SIGN_STYLE = Automatic;
				DEVELOPMENT_TEAM = 35ER5MU285;
				INFOPLIST_FILE = ShopingListTests/Info.plist;
				IPHONEOS_DEPLOYMENT_TARGET = 14.0;
				LD_RUNPATH_SEARCH_PATHS = (
					"$(inherited)",
					"@executable_path/Frameworks",
					"@loader_path/Frameworks",
				);
				PRODUCT_BUNDLE_IDENTIFIER = net.QTrak.ShopingListTests;
				PRODUCT_NAME = "$(TARGET_NAME)";
				SWIFT_VERSION = 5.0;
				TARGETED_DEVICE_FAMILY = "1,2";
				TEST_HOST = "$(BUILT_PRODUCTS_DIR)/ShopingList.app/ShopingList";
			};
			name = Debug;
		};
		D5E1B3682751611D0022E100 /* Release */ = {
			isa = XCBuildConfiguration;
			buildSettings = {
				ALWAYS_EMBED_SWIFT_STANDARD_LIBRARIES = YES;
				BUNDLE_LOADER = "$(TEST_HOST)";
				CODE_SIGN_STYLE = Automatic;
				DEVELOPMENT_TEAM = 35ER5MU285;
				INFOPLIST_FILE = ShopingListTests/Info.plist;
				IPHONEOS_DEPLOYMENT_TARGET = 14.0;
				LD_RUNPATH_SEARCH_PATHS = (
					"$(inherited)",
					"@executable_path/Frameworks",
					"@loader_path/Frameworks",
				);
				PRODUCT_BUNDLE_IDENTIFIER = net.QTrak.ShopingListTests;
				PRODUCT_NAME = "$(TARGET_NAME)";
				SWIFT_VERSION = 5.0;
				TARGETED_DEVICE_FAMILY = "1,2";
				TEST_HOST = "$(BUILT_PRODUCTS_DIR)/ShopingList.app/ShopingList";
			};
			name = Release;
		};
		D5E1B36A2751611D0022E100 /* Debug */ = {
			isa = XCBuildConfiguration;
			buildSettings = {
				ALWAYS_EMBED_SWIFT_STANDARD_LIBRARIES = YES;
				CODE_SIGN_STYLE = Automatic;
				DEVELOPMENT_TEAM = 35ER5MU285;
				INFOPLIST_FILE = ShopingListUITests/Info.plist;
				LD_RUNPATH_SEARCH_PATHS = (
					"$(inherited)",
					"@executable_path/Frameworks",
					"@loader_path/Frameworks",
				);
				PRODUCT_BUNDLE_IDENTIFIER = net.QTrak.ShopingListUITests;
				PRODUCT_NAME = "$(TARGET_NAME)";
				SWIFT_VERSION = 5.0;
				TARGETED_DEVICE_FAMILY = "1,2";
				TEST_TARGET_NAME = ShopingList;
			};
			name = Debug;
		};
		D5E1B36B2751611D0022E100 /* Release */ = {
			isa = XCBuildConfiguration;
			buildSettings = {
				ALWAYS_EMBED_SWIFT_STANDARD_LIBRARIES = YES;
				CODE_SIGN_STYLE = Automatic;
				DEVELOPMENT_TEAM = 35ER5MU285;
				INFOPLIST_FILE = ShopingListUITests/Info.plist;
				LD_RUNPATH_SEARCH_PATHS = (
					"$(inherited)",
					"@executable_path/Frameworks",
					"@loader_path/Frameworks",
				);
				PRODUCT_BUNDLE_IDENTIFIER = net.QTrak.ShopingListUITests;
				PRODUCT_NAME = "$(TARGET_NAME)";
				SWIFT_VERSION = 5.0;
				TARGETED_DEVICE_FAMILY = "1,2";
				TEST_TARGET_NAME = ShopingList;
			};
			name = Release;
		};
/* End XCBuildConfiguration section */

/* Begin XCConfigurationList section */
		D5E1B3342751611D0022E100 /* Build configuration list for PBXProject "ShopingList" */ = {
			isa = XCConfigurationList;
			buildConfigurations = (
				D5E1B3612751611D0022E100 /* Debug */,
				D5E1B3622751611D0022E100 /* Release */,
			);
			defaultConfigurationIsVisible = 0;
			defaultConfigurationName = Release;
		};
		D5E1B3632751611D0022E100 /* Build configuration list for PBXNativeTarget "ShopingList" */ = {
			isa = XCConfigurationList;
			buildConfigurations = (
				D5E1B3642751611D0022E100 /* Debug */,
				D5E1B3652751611D0022E100 /* Release */,
			);
			defaultConfigurationIsVisible = 0;
			defaultConfigurationName = Release;
		};
		D5E1B3662751611D0022E100 /* Build configuration list for PBXNativeTarget "ShopingListTests" */ = {
			isa = XCConfigurationList;
			buildConfigurations = (
				D5E1B3672751611D0022E100 /* Debug */,
				D5E1B3682751611D0022E100 /* Release */,
			);
			defaultConfigurationIsVisible = 0;
			defaultConfigurationName = Release;
		};
		D5E1B3692751611D0022E100 /* Build configuration list for PBXNativeTarget "ShopingListUITests" */ = {
			isa = XCConfigurationList;
			buildConfigurations = (
				D5E1B36A2751611D0022E100 /* Debug */,
				D5E1B36B2751611D0022E100 /* Release */,
			);
			defaultConfigurationIsVisible = 0;
			defaultConfigurationName = Release;
		};
/* End XCConfigurationList section */
	};
	rootObject = D5E1B3312751611D0022E100 /* Project object */;
}
